
Microsoft Visual Studio Solution File, Format Version 12.00
# Visual Studio Version 17
VisualStudioVersion = 17.0.32002.185
MinimumVisualStudioVersion = 10.0.40219.1
Project("{9A19103F-16F7-4668-BE54-9A1E7A4F7556}") = "ETL.API", "ETL.API\ETL.API.csproj", "{35B2450F-8E82-4FCF-AAA1-44404C35634D}"
EndProject
Project("{9A19103F-16F7-4668-BE54-9A1E7A4F7556}") = "ETL.Data", "ETL.Data\ETL.Data.csproj", "{EDDC4FF9-B59A-48C8-8925-90595B9D4B07}"
EndProject
Project("{9A19103F-16F7-4668-BE54-9A1E7A4F7556}") = "ETL.Services", "ETL.Services\ETL.Services.csproj", "{92E01BC3-A2EC-478D-900B-066A685D76E8}"
EndProject
Project("{FAE04EC0-301F-11D3-BF4B-00C04F79EFBC}") = "ETL.JWT", "ETL.JWT\ETL.JWT.csproj", "{BB754CBA-9A1B-46EE-BB11-0337A1BBF5CB}"
EndProject
Project("{FAE04EC0-301F-11D3-BF4B-00C04F79EFBC}") = "ETL.SalesForce", "ETL.SalesForce\ETL.SalesForce.csproj", "{E0D2D035-65E3-4747-A04E-8DD591751AE5}"
EndProject
Global
	GlobalSection(SolutionConfigurationPlatforms) = preSolution
		Debug|Any CPU = Debug|Any CPU
		Release|Any CPU = Release|Any CPU
	EndGlobalSection
	GlobalSection(ProjectConfigurationPlatforms) = postSolution
		{35B2450F-8E82-4FCF-AAA1-44404C35634D}.Debug|Any CPU.ActiveCfg = Debug|Any CPU
		{35B2450F-8E82-4FCF-AAA1-44404C35634D}.Debug|Any CPU.Build.0 = Debug|Any CPU
		{35B2450F-8E82-4FCF-AAA1-44404C35634D}.Release|Any CPU.ActiveCfg = Release|Any CPU
		{35B2450F-8E82-4FCF-AAA1-44404C35634D}.Release|Any CPU.Build.0 = Release|Any CPU
		{EDDC4FF9-B59A-48C8-8925-90595B9D4B07}.Debug|Any CPU.ActiveCfg = Debug|Any CPU
		{EDDC4FF9-B59A-48C8-8925-90595B9D4B07}.Debug|Any CPU.Build.0 = Debug|Any CPU
		{EDDC4FF9-B59A-48C8-8925-90595B9D4B07}.Release|Any CPU.ActiveCfg = Release|Any CPU
		{EDDC4FF9-B59A-48C8-8925-90595B9D4B07}.Release|Any CPU.Build.0 = Release|Any CPU
		{92E01BC3-A2EC-478D-900B-066A685D76E8}.Debug|Any CPU.ActiveCfg = Debug|Any CPU
		{92E01BC3-A2EC-478D-900B-066A685D76E8}.Debug|Any CPU.Build.0 = Debug|Any CPU
		{92E01BC3-A2EC-478D-900B-066A685D76E8}.Release|Any CPU.ActiveCfg = Release|Any CPU
		{92E01BC3-A2EC-478D-900B-066A685D76E8}.Release|Any CPU.Build.0 = Release|Any CPU
		{BB754CBA-9A1B-46EE-BB11-0337A1BBF5CB}.Debug|Any CPU.ActiveCfg = Debug|Any CPU
		{BB754CBA-9A1B-46EE-BB11-0337A1BBF5CB}.Debug|Any CPU.Build.0 = Debug|Any CPU
		{BB754CBA-9A1B-46EE-BB11-0337A1BBF5CB}.Release|Any CPU.ActiveCfg = Release|Any CPU
		{BB754CBA-9A1B-46EE-BB11-0337A1BBF5CB}.Release|Any CPU.Build.0 = Release|Any CPU
		{E0D2D035-65E3-4747-A04E-8DD591751AE5}.Debug|Any CPU.ActiveCfg = Debug|Any CPU
		{E0D2D035-65E3-4747-A04E-8DD591751AE5}.Debug|Any CPU.Build.0 = Debug|Any CPU
		{E0D2D035-65E3-4747-A04E-8DD591751AE5}.Release|Any CPU.ActiveCfg = Release|Any CPU
		{E0D2D035-65E3-4747-A04E-8DD591751AE5}.Release|Any CPU.Build.0 = Release|Any CPU
	EndGlobalSection
	GlobalSection(SolutionProperties) = preSolution
		HideSolutionNode = FALSE
	EndGlobalSection
	GlobalSection(ExtensibilityGlobals) = postSolution
		SolutionGuid = {A1D4947D-D2AA-42AF-A80D-3EACD43C8F0F}
	EndGlobalSection
EndGlobal
